// !$*UTF8*$!
{
	archiveVersion = 1;
	classes = {
	};
	objectVersion = 46;
	objects = {

/* Begin PBXBuildFile section */
		4466763C2575C7A6906F8F17 /* Pods_Black_Box.framework in Frameworks */ = {isa = PBXBuildFile; fileRef = EFED1BB4C1A7CAD391AC5A4C /* Pods_Black_Box.framework */; };
		8D1A6432170A9E22FF951A14 /* Pods_Black_BoxTests.framework in Frameworks */ = {isa = PBXBuildFile; fileRef = 86EAEA89556E05B886B089C1 /* Pods_Black_BoxTests.framework */; };
		9603D8181A70A9A7007A1A0F /* EntryPoint.swift in Sources */ = {isa = PBXBuildFile; fileRef = 9603D8171A70A9A7007A1A0F /* EntryPoint.swift */; };
		9610684C1A94D86D002B02D0 /* Location.swift in Sources */ = {isa = PBXBuildFile; fileRef = 9610684B1A94D86D002B02D0 /* Location.swift */; };
		9610684E1A94DAB7002B02D0 /* ExitResult.swift in Sources */ = {isa = PBXBuildFile; fileRef = 9610684D1A94DAB7002B02D0 /* ExitResult.swift */; };
		961068501A94DD6E002B02D0 /* Direction.swift in Sources */ = {isa = PBXBuildFile; fileRef = 9610684F1A94DD6E002B02D0 /* Direction.swift */; };
		961068521A94E01B002B02D0 /* Board.swift in Sources */ = {isa = PBXBuildFile; fileRef = 961068511A94E01B002B02D0 /* Board.swift */; };
		961F30BF1C04A6B80055E5F5 /* GameSceneTests.swift in Sources */ = {isa = PBXBuildFile; fileRef = 961F30BE1C04A6B80055E5F5 /* GameSceneTests.swift */; };
		9633C2FA1A524038005826D1 /* BlackBoxSpecs.swift in Sources */ = {isa = PBXBuildFile; fileRef = 9633C2F91A524038005826D1 /* BlackBoxSpecs.swift */; };
		965E5FFE1A507C6000BB183F /* AppDelegate.swift in Sources */ = {isa = PBXBuildFile; fileRef = 965E5FFD1A507C6000BB183F /* AppDelegate.swift */; };
		965E60021A507C6000BB183F /* GameScene.swift in Sources */ = {isa = PBXBuildFile; fileRef = 965E60011A507C6000BB183F /* GameScene.swift */; };
		965E60041A507C6000BB183F /* GameViewController.swift in Sources */ = {isa = PBXBuildFile; fileRef = 965E60031A507C6000BB183F /* GameViewController.swift */; };
		965E60071A507C6000BB183F /* Main.storyboard in Resources */ = {isa = PBXBuildFile; fileRef = 965E60051A507C6000BB183F /* Main.storyboard */; };
		965E60091A507C6000BB183F /* Images.xcassets in Resources */ = {isa = PBXBuildFile; fileRef = 965E60081A507C6000BB183F /* Images.xcassets */; };
		965E600C1A507C6000BB183F /* LaunchScreen.xib in Resources */ = {isa = PBXBuildFile; fileRef = 965E600A1A507C6000BB183F /* LaunchScreen.xib */; };
		9666980D1BF266A0007200DF /* Markdown.swift in Sources */ = {isa = PBXBuildFile; fileRef = 9666980C1BF266A0007200DF /* Markdown.swift */; };
		968C01B11B0445FF003F8BA7 /* InstructionsViewController.swift in Sources */ = {isa = PBXBuildFile; fileRef = 968C01B01B0445FF003F8BA7 /* InstructionsViewController.swift */; };
		968C01B51B058993003F8BA7 /* README.md in Resources */ = {isa = PBXBuildFile; fileRef = 968C01AE1B0439F0003F8BA7 /* README.md */; };
		968FFDA51A94F08D006E59A2 /* Ray.swift in Sources */ = {isa = PBXBuildFile; fileRef = 968FFDA41A94F08D006E59A2 /* Ray.swift */; };
		969865141AAB47AD00D277C6 /* Mark.wav in Resources */ = {isa = PBXBuildFile; fileRef = 969865131AAB47AD00D277C6 /* Mark.wav */; };
		969865231AAB48D400D277C6 /* Probe.wav in Resources */ = {isa = PBXBuildFile; fileRef = 9698651F1AAB48D400D277C6 /* Probe.wav */; };
		969865241AAB48D400D277C6 /* Failure.wav in Resources */ = {isa = PBXBuildFile; fileRef = 969865201AAB48D400D277C6 /* Failure.wav */; };
		969865251AAB48D400D277C6 /* Success.wav in Resources */ = {isa = PBXBuildFile; fileRef = 969865211AAB48D400D277C6 /* Success.wav */; };
		969865261AAB48D400D277C6 /* NewGame.wav in Resources */ = {isa = PBXBuildFile; fileRef = 969865221AAB48D400D277C6 /* NewGame.wav */; };
		96AC89461DD7BA05007356B8 /* Nimble.framework in Frameworks */ = {isa = PBXBuildFile; fileRef = 96AC89441DD7BA05007356B8 /* Nimble.framework */; };
		96AC89471DD7BA05007356B8 /* Quick.framework in Frameworks */ = {isa = PBXBuildFile; fileRef = 96AC89451DD7BA05007356B8 /* Quick.framework */; };
		96B9E4BC1F69CB150006AEA2 /* Random.swift in Sources */ = {isa = PBXBuildFile; fileRef = 96B9E4BB1F69CB150006AEA2 /* Random.swift */; };
		96DB34321AA789F70076F165 /* Game1.json in Resources */ = {isa = PBXBuildFile; fileRef = 96DB34311AA789F70076F165 /* Game1.json */; };
		96DB34361AA78C110076F165 /* Game11.json in Resources */ = {isa = PBXBuildFile; fileRef = 96DB34351AA78C110076F165 /* Game11.json */; };
		96DB34381AA78C1B0076F165 /* Game21.json in Resources */ = {isa = PBXBuildFile; fileRef = 96DB34371AA78C1B0076F165 /* Game21.json */; };
		96DB343A1AA78C230076F165 /* Game31.json in Resources */ = {isa = PBXBuildFile; fileRef = 96DB34391AA78C230076F165 /* Game31.json */; };
		96DB343C1AA78C280076F165 /* Game3.json in Resources */ = {isa = PBXBuildFile; fileRef = 96DB343B1AA78C280076F165 /* Game3.json */; };
		96DB343E1AA78C2E0076F165 /* Game13.json in Resources */ = {isa = PBXBuildFile; fileRef = 96DB343D1AA78C2E0076F165 /* Game13.json */; };
		96DB34411AA78F930076F165 /* Dictionary.swift in Sources */ = {isa = PBXBuildFile; fileRef = 96DB34401AA78F930076F165 /* Dictionary.swift */; };
		96DB34451AA79F210076F165 /* Level.swift in Sources */ = {isa = PBXBuildFile; fileRef = 96DB34441AA79F210076F165 /* Level.swift */; };
		96DB34471AA7ABCC0076F165 /* Game23.json in Resources */ = {isa = PBXBuildFile; fileRef = 96DB34461AA7ABCC0076F165 /* Game23.json */; };
		96DB34491AA7ABD80076F165 /* Game15.json in Resources */ = {isa = PBXBuildFile; fileRef = 96DB34481AA7ABD80076F165 /* Game15.json */; };
		96DB344B1AA7ABE20076F165 /* Game7.json in Resources */ = {isa = PBXBuildFile; fileRef = 96DB344A1AA7ABE20076F165 /* Game7.json */; };
		96DB344D1AA7ABE70076F165 /* Game37.json in Resources */ = {isa = PBXBuildFile; fileRef = 96DB344C1AA7ABE70076F165 /* Game37.json */; };
		96DB344F1AA7ABEC0076F165 /* Game29.json in Resources */ = {isa = PBXBuildFile; fileRef = 96DB344E1AA7ABEC0076F165 /* Game29.json */; };
		96DB34511AA7ABF20076F165 /* Game33.json in Resources */ = {isa = PBXBuildFile; fileRef = 96DB34501AA7ABF20076F165 /* Game33.json */; };
		96DB34531AA7ABF70076F165 /* Game25.json in Resources */ = {isa = PBXBuildFile; fileRef = 96DB34521AA7ABF70076F165 /* Game25.json */; };
		96DB34551AA7ABFC0076F165 /* Game17.json in Resources */ = {isa = PBXBuildFile; fileRef = 96DB34541AA7ABFC0076F165 /* Game17.json */; };
		96DB34571AA7AC000076F165 /* Game9.json in Resources */ = {isa = PBXBuildFile; fileRef = 96DB34561AA7AC000076F165 /* Game9.json */; };
		96DB34591AA7AC040076F165 /* Game39.json in Resources */ = {isa = PBXBuildFile; fileRef = 96DB34581AA7AC040076F165 /* Game39.json */; };
		96DB345B1AA7AC090076F165 /* Game5.json in Resources */ = {isa = PBXBuildFile; fileRef = 96DB345A1AA7AC090076F165 /* Game5.json */; };
		96DB345D1AA7AC0E0076F165 /* Game35.json in Resources */ = {isa = PBXBuildFile; fileRef = 96DB345C1AA7AC0E0076F165 /* Game35.json */; };
		96DB345F1AA7AC130076F165 /* Game27.json in Resources */ = {isa = PBXBuildFile; fileRef = 96DB345E1AA7AC130076F165 /* Game27.json */; };
		96DB34611AA7AC170076F165 /* Game19.json in Resources */ = {isa = PBXBuildFile; fileRef = 96DB34601AA7AC170076F165 /* Game19.json */; };
		96DB34631AA7AC1C0076F165 /* Game41.json in Resources */ = {isa = PBXBuildFile; fileRef = 96DB34621AA7AC1C0076F165 /* Game41.json */; };
		96DB34651AA7CB250076F165 /* Game51.json in Resources */ = {isa = PBXBuildFile; fileRef = 96DB34641AA7CB250076F165 /* Game51.json */; };
		96DB34671AA7CB300076F165 /* Game43.json in Resources */ = {isa = PBXBuildFile; fileRef = 96DB34661AA7CB300076F165 /* Game43.json */; };
		96DB34691AA7CB380076F165 /* Game73.json in Resources */ = {isa = PBXBuildFile; fileRef = 96DB34681AA7CB380076F165 /* Game73.json */; };
		96DB346B1AA7CB3E0076F165 /* Game65.json in Resources */ = {isa = PBXBuildFile; fileRef = 96DB346A1AA7CB3E0076F165 /* Game65.json */; };
		96DB346D1AA7CB4C0076F165 /* Game57.json in Resources */ = {isa = PBXBuildFile; fileRef = 96DB346C1AA7CB4C0076F165 /* Game57.json */; };
		96DB346F1AA7CB560076F165 /* Game61.json in Resources */ = {isa = PBXBuildFile; fileRef = 96DB346E1AA7CB560076F165 /* Game61.json */; };
		96DB34711AA7CB5B0076F165 /* Game53.json in Resources */ = {isa = PBXBuildFile; fileRef = 96DB34701AA7CB5B0076F165 /* Game53.json */; };
		96DB34731AA7CB600076F165 /* Game45.json in Resources */ = {isa = PBXBuildFile; fileRef = 96DB34721AA7CB600076F165 /* Game45.json */; };
		96DB34751AA7CB650076F165 /* Game75.json in Resources */ = {isa = PBXBuildFile; fileRef = 96DB34741AA7CB650076F165 /* Game75.json */; };
		96DB34771AA7CB7D0076F165 /* Game67.json in Resources */ = {isa = PBXBuildFile; fileRef = 96DB34761AA7CB7D0076F165 /* Game67.json */; };
		96DB34791AA7CB8F0076F165 /* Game71.json in Resources */ = {isa = PBXBuildFile; fileRef = 96DB34781AA7CB8F0076F165 /* Game71.json */; };
		96DB347B1AA7CB980076F165 /* Game63.json in Resources */ = {isa = PBXBuildFile; fileRef = 96DB347A1AA7CB980076F165 /* Game63.json */; };
		96DB347D1AA7CB9E0076F165 /* Game55.json in Resources */ = {isa = PBXBuildFile; fileRef = 96DB347C1AA7CB9E0076F165 /* Game55.json */; };
		96DB347F1AA7CBA50076F165 /* Game47.json in Resources */ = {isa = PBXBuildFile; fileRef = 96DB347E1AA7CBA50076F165 /* Game47.json */; };
		96DB34811AA7CBAC0076F165 /* Game77.json in Resources */ = {isa = PBXBuildFile; fileRef = 96DB34801AA7CBAC0076F165 /* Game77.json */; };
		96DB34831AA7CEA10076F165 /* Game49.json in Resources */ = {isa = PBXBuildFile; fileRef = 96DB34821AA7CEA10076F165 /* Game49.json */; };
		96DB34851AA7CEA90076F165 /* Game79.json in Resources */ = {isa = PBXBuildFile; fileRef = 96DB34841AA7CEA90076F165 /* Game79.json */; };
		96DB34871AA7CEB10076F165 /* Game22.json in Resources */ = {isa = PBXBuildFile; fileRef = 96DB34861AA7CEB10076F165 /* Game22.json */; };
		96DB34891AA7CEB70076F165 /* Game14.json in Resources */ = {isa = PBXBuildFile; fileRef = 96DB34881AA7CEB70076F165 /* Game14.json */; };
		96DB348B1AA7CECA0076F165 /* Game6.json in Resources */ = {isa = PBXBuildFile; fileRef = 96DB348A1AA7CECA0076F165 /* Game6.json */; };
		96DB348D1AA7CED20076F165 /* Game59.json in Resources */ = {isa = PBXBuildFile; fileRef = 96DB348C1AA7CED20076F165 /* Game59.json */; };
		96DB348F1AA7CED80076F165 /* Game2.json in Resources */ = {isa = PBXBuildFile; fileRef = 96DB348E1AA7CED80076F165 /* Game2.json */; };
		96DB34911AA7CEE30076F165 /* Game32.json in Resources */ = {isa = PBXBuildFile; fileRef = 96DB34901AA7CEE30076F165 /* Game32.json */; };
		96DB34931AA7CEFE0076F165 /* Game24.json in Resources */ = {isa = PBXBuildFile; fileRef = 96DB34921AA7CEFE0076F165 /* Game24.json */; };
		96DB34951AA7CF0D0076F165 /* Game16.json in Resources */ = {isa = PBXBuildFile; fileRef = 96DB34941AA7CF0D0076F165 /* Game16.json */; };
		96DB34971AA7CF6C0076F165 /* Game69.json in Resources */ = {isa = PBXBuildFile; fileRef = 96DB34961AA7CF6C0076F165 /* Game69.json */; };
		96DB34991AA7CF740076F165 /* Game12.json in Resources */ = {isa = PBXBuildFile; fileRef = 96DB34981AA7CF740076F165 /* Game12.json */; };
		96DB349B1AA7CF7B0076F165 /* Game4.json in Resources */ = {isa = PBXBuildFile; fileRef = 96DB349A1AA7CF7B0076F165 /* Game4.json */; };
		96DB349D1AA7CF830076F165 /* Game34.json in Resources */ = {isa = PBXBuildFile; fileRef = 96DB349C1AA7CF830076F165 /* Game34.json */; };
		96DB349F1AA7CF8B0076F165 /* Game26.json in Resources */ = {isa = PBXBuildFile; fileRef = 96DB349E1AA7CF8B0076F165 /* Game26.json */; };
		96DB34A11AA88CC80076F165 /* Game36.json in Resources */ = {isa = PBXBuildFile; fileRef = 96DB34A01AA88CC80076F165 /* Game36.json */; };
		96DB34A31AA88CDA0076F165 /* Game28.json in Resources */ = {isa = PBXBuildFile; fileRef = 96DB34A21AA88CDA0076F165 /* Game28.json */; };
		96DB34A51AA88CE50076F165 /* Game20.json in Resources */ = {isa = PBXBuildFile; fileRef = 96DB34A41AA88CE50076F165 /* Game20.json */; };
		96DB34A71AA88CF40076F165 /* Game42.json in Resources */ = {isa = PBXBuildFile; fileRef = 96DB34A61AA88CF40076F165 /* Game42.json */; };
		96DB34A91AA88D060076F165 /* Game72.json in Resources */ = {isa = PBXBuildFile; fileRef = 96DB34A81AA88D060076F165 /* Game72.json */; };
		96DB34AB1AA88D130076F165 /* Game8.json in Resources */ = {isa = PBXBuildFile; fileRef = 96DB34AA1AA88D130076F165 /* Game8.json */; };
		96DB34AD1AA88D1B0076F165 /* Game38.json in Resources */ = {isa = PBXBuildFile; fileRef = 96DB34AC1AA88D1B0076F165 /* Game38.json */; };
		96DB34AF1AA88D220076F165 /* Game30.json in Resources */ = {isa = PBXBuildFile; fileRef = 96DB34AE1AA88D220076F165 /* Game30.json */; };
		96DB34B11AA88D2A0076F165 /* Game52.json in Resources */ = {isa = PBXBuildFile; fileRef = 96DB34B01AA88D2A0076F165 /* Game52.json */; };
		96DB34B31AA88D380076F165 /* Game44.json in Resources */ = {isa = PBXBuildFile; fileRef = 96DB34B21AA88D380076F165 /* Game44.json */; };
		96DB34B51AA88D4B0076F165 /* Game18.json in Resources */ = {isa = PBXBuildFile; fileRef = 96DB34B41AA88D4B0076F165 /* Game18.json */; };
		96DB34B71AA88D530076F165 /* Game10.json in Resources */ = {isa = PBXBuildFile; fileRef = 96DB34B61AA88D530076F165 /* Game10.json */; };
		96DB34B91AA88D660076F165 /* Game40.json in Resources */ = {isa = PBXBuildFile; fileRef = 96DB34B81AA88D660076F165 /* Game40.json */; };
		96DB34BB1AA88D730076F165 /* Game62.json in Resources */ = {isa = PBXBuildFile; fileRef = 96DB34BA1AA88D730076F165 /* Game62.json */; };
		96DB34BD1AA88D7E0076F165 /* Game54.json in Resources */ = {isa = PBXBuildFile; fileRef = 96DB34BC1AA88D7E0076F165 /* Game54.json */; };
		96DB34BF1AA8AD4F0076F165 /* Game64.json in Resources */ = {isa = PBXBuildFile; fileRef = 96DB34BE1AA8AD4F0076F165 /* Game64.json */; };
		96DB34C11AA8AD5C0076F165 /* Game56.json in Resources */ = {isa = PBXBuildFile; fileRef = 96DB34C01AA8AD5C0076F165 /* Game56.json */; };
		96DB34C31AA8AD680076F165 /* Game48.json in Resources */ = {isa = PBXBuildFile; fileRef = 96DB34C21AA8AD680076F165 /* Game48.json */; };
		96DB34C51AA8AD700076F165 /* Game78.json in Resources */ = {isa = PBXBuildFile; fileRef = 96DB34C41AA8AD700076F165 /* Game78.json */; };
		96DB34C71AA8AD770076F165 /* Game70.json in Resources */ = {isa = PBXBuildFile; fileRef = 96DB34C61AA8AD770076F165 /* Game70.json */; };
		96DB34C91AA8AD800076F165 /* Game74.json in Resources */ = {isa = PBXBuildFile; fileRef = 96DB34C81AA8AD800076F165 /* Game74.json */; };
		96DB34CB1AA8AD890076F165 /* Game66.json in Resources */ = {isa = PBXBuildFile; fileRef = 96DB34CA1AA8AD890076F165 /* Game66.json */; };
		96DB34CD1AA8AD930076F165 /* Game58.json in Resources */ = {isa = PBXBuildFile; fileRef = 96DB34CC1AA8AD930076F165 /* Game58.json */; };
		96DB34CF1AA8AD9B0076F165 /* Game50.json in Resources */ = {isa = PBXBuildFile; fileRef = 96DB34CE1AA8AD9B0076F165 /* Game50.json */; };
		96DB34D11AA8ADA40076F165 /* Game80.json in Resources */ = {isa = PBXBuildFile; fileRef = 96DB34D01AA8ADA40076F165 /* Game80.json */; };
		96DB34D31AA8ADAD0076F165 /* Game46.json in Resources */ = {isa = PBXBuildFile; fileRef = 96DB34D21AA8ADAD0076F165 /* Game46.json */; };
		96DB34D51AA8ADB90076F165 /* Game76.json in Resources */ = {isa = PBXBuildFile; fileRef = 96DB34D41AA8ADB90076F165 /* Game76.json */; };
		96DB34D71AA8ADC20076F165 /* Game68.json in Resources */ = {isa = PBXBuildFile; fileRef = 96DB34D61AA8ADC20076F165 /* Game68.json */; };
		96DB34D91AA8ADC90076F165 /* Game60.json in Resources */ = {isa = PBXBuildFile; fileRef = 96DB34D81AA8ADC90076F165 /* Game60.json */; };
		96F0C8961A98F14E00755598 /* Slot.swift in Sources */ = {isa = PBXBuildFile; fileRef = 96F0C8951A98F14E00755598 /* Slot.swift */; };
		96F12CCB1A6AF6D100435452 /* Game.swift in Sources */ = {isa = PBXBuildFile; fileRef = 96F12CCA1A6AF6D100435452 /* Game.swift */; };
/* End PBXBuildFile section */

/* Begin PBXContainerItemProxy section */
		965E60121A507C6000BB183F /* PBXContainerItemProxy */ = {
			isa = PBXContainerItemProxy;
			containerPortal = 965E5FF01A507C5F00BB183F /* Project object */;
			proxyType = 1;
			remoteGlobalIDString = 965E5FF71A507C5F00BB183F;
			remoteInfo = "Black Box";
		};
/* End PBXContainerItemProxy section */

/* Begin PBXFileReference section */
		1AE3747D1FA978EAB154A084 /* Pods-Black Box.release.xcconfig */ = {isa = PBXFileReference; includeInIndex = 1; lastKnownFileType = text.xcconfig; name = "Pods-Black Box.release.xcconfig"; path = "Pods/Target Support Files/Pods-Black Box/Pods-Black Box.release.xcconfig"; sourceTree = "<group>"; };
		2C77435B99747E85B445BDA2 /* Pods-Black BoxTests.release.xcconfig */ = {isa = PBXFileReference; includeInIndex = 1; lastKnownFileType = text.xcconfig; name = "Pods-Black BoxTests.release.xcconfig"; path = "Pods/Target Support Files/Pods-Black BoxTests/Pods-Black BoxTests.release.xcconfig"; sourceTree = "<group>"; };
		86EAEA89556E05B886B089C1 /* Pods_Black_BoxTests.framework */ = {isa = PBXFileReference; explicitFileType = wrapper.framework; includeInIndex = 0; path = Pods_Black_BoxTests.framework; sourceTree = BUILT_PRODUCTS_DIR; };
		9603D8171A70A9A7007A1A0F /* EntryPoint.swift */ = {isa = PBXFileReference; fileEncoding = 4; lastKnownFileType = sourcecode.swift; path = EntryPoint.swift; sourceTree = "<group>"; };
		9610684B1A94D86D002B02D0 /* Location.swift */ = {isa = PBXFileReference; fileEncoding = 4; lastKnownFileType = sourcecode.swift; path = Location.swift; sourceTree = "<group>"; };
		9610684D1A94DAB7002B02D0 /* ExitResult.swift */ = {isa = PBXFileReference; fileEncoding = 4; lastKnownFileType = sourcecode.swift; path = ExitResult.swift; sourceTree = "<group>"; };
		9610684F1A94DD6E002B02D0 /* Direction.swift */ = {isa = PBXFileReference; fileEncoding = 4; lastKnownFileType = sourcecode.swift; path = Direction.swift; sourceTree = "<group>"; };
		961068511A94E01B002B02D0 /* Board.swift */ = {isa = PBXFileReference; fileEncoding = 4; lastKnownFileType = sourcecode.swift; path = Board.swift; sourceTree = "<group>"; };
		961F30BE1C04A6B80055E5F5 /* GameSceneTests.swift */ = {isa = PBXFileReference; fileEncoding = 4; lastKnownFileType = sourcecode.swift; path = GameSceneTests.swift; sourceTree = "<group>"; };
		962BF8EF1F4E5E5C0095C294 /* Moxie.framework */ = {isa = PBXFileReference; lastKnownFileType = wrapper.framework; name = Moxie.framework; path = Carthage/Build/iOS/Moxie.framework; sourceTree = "<group>"; };
		9633C2F91A524038005826D1 /* BlackBoxSpecs.swift */ = {isa = PBXFileReference; fileEncoding = 4; lastKnownFileType = sourcecode.swift; path = BlackBoxSpecs.swift; sourceTree = "<group>"; };
		965E5FF81A507C5F00BB183F /* Black Box.app */ = {isa = PBXFileReference; explicitFileType = wrapper.application; includeInIndex = 0; path = "Black Box.app"; sourceTree = BUILT_PRODUCTS_DIR; };
		965E5FFC1A507C6000BB183F /* Info.plist */ = {isa = PBXFileReference; lastKnownFileType = text.plist.xml; path = Info.plist; sourceTree = "<group>"; };
		965E5FFD1A507C6000BB183F /* AppDelegate.swift */ = {isa = PBXFileReference; lastKnownFileType = sourcecode.swift; path = AppDelegate.swift; sourceTree = "<group>"; };
		965E60011A507C6000BB183F /* GameScene.swift */ = {isa = PBXFileReference; lastKnownFileType = sourcecode.swift; path = GameScene.swift; sourceTree = "<group>"; };
		965E60031A507C6000BB183F /* GameViewController.swift */ = {isa = PBXFileReference; lastKnownFileType = sourcecode.swift; path = GameViewController.swift; sourceTree = "<group>"; };
		965E60061A507C6000BB183F /* Base */ = {isa = PBXFileReference; lastKnownFileType = file.storyboard; name = Base; path = Base.lproj/Main.storyboard; sourceTree = "<group>"; };
		965E60081A507C6000BB183F /* Images.xcassets */ = {isa = PBXFileReference; lastKnownFileType = folder.assetcatalog; path = Images.xcassets; sourceTree = "<group>"; };
		965E600B1A507C6000BB183F /* Base */ = {isa = PBXFileReference; lastKnownFileType = file.xib; name = Base; path = Base.lproj/LaunchScreen.xib; sourceTree = "<group>"; };
		965E60111A507C6000BB183F /* Black BoxTests.xctest */ = {isa = PBXFileReference; explicitFileType = wrapper.cfbundle; includeInIndex = 0; path = "Black BoxTests.xctest"; sourceTree = BUILT_PRODUCTS_DIR; };
		965E60161A507C6000BB183F /* Info.plist */ = {isa = PBXFileReference; lastKnownFileType = text.plist.xml; path = Info.plist; sourceTree = "<group>"; };
		9666980C1BF266A0007200DF /* Markdown.swift */ = {isa = PBXFileReference; fileEncoding = 4; lastKnownFileType = sourcecode.swift; path = Markdown.swift; sourceTree = "<group>"; };
		968C01AE1B0439F0003F8BA7 /* README.md */ = {isa = PBXFileReference; fileEncoding = 4; lastKnownFileType = net.daringfireball.markdown; path = README.md; sourceTree = "<group>"; };
		968C01B01B0445FF003F8BA7 /* InstructionsViewController.swift */ = {isa = PBXFileReference; fileEncoding = 4; lastKnownFileType = sourcecode.swift; path = InstructionsViewController.swift; sourceTree = "<group>"; };
		968FFDA41A94F08D006E59A2 /* Ray.swift */ = {isa = PBXFileReference; fileEncoding = 4; lastKnownFileType = sourcecode.swift; path = Ray.swift; sourceTree = "<group>"; };
		969865131AAB47AD00D277C6 /* Mark.wav */ = {isa = PBXFileReference; lastKnownFileType = audio.wav; path = Mark.wav; sourceTree = "<group>"; };
		9698651F1AAB48D400D277C6 /* Probe.wav */ = {isa = PBXFileReference; lastKnownFileType = audio.wav; path = Probe.wav; sourceTree = "<group>"; };
		969865201AAB48D400D277C6 /* Failure.wav */ = {isa = PBXFileReference; lastKnownFileType = audio.wav; path = Failure.wav; sourceTree = "<group>"; };
		969865211AAB48D400D277C6 /* Success.wav */ = {isa = PBXFileReference; lastKnownFileType = audio.wav; path = Success.wav; sourceTree = "<group>"; };
		969865221AAB48D400D277C6 /* NewGame.wav */ = {isa = PBXFileReference; lastKnownFileType = audio.wav; path = NewGame.wav; sourceTree = "<group>"; };
		96AC89441DD7BA05007356B8 /* Nimble.framework */ = {isa = PBXFileReference; lastKnownFileType = wrapper.framework; name = Nimble.framework; path = Carthage/Build/iOS/Nimble.framework; sourceTree = "<group>"; };
		96AC89451DD7BA05007356B8 /* Quick.framework */ = {isa = PBXFileReference; lastKnownFileType = wrapper.framework; name = Quick.framework; path = Carthage/Build/iOS/Quick.framework; sourceTree = "<group>"; };
		96B9E4BB1F69CB150006AEA2 /* Random.swift */ = {isa = PBXFileReference; fileEncoding = 4; lastKnownFileType = sourcecode.swift; path = Random.swift; sourceTree = "<group>"; };
		96DB34311AA789F70076F165 /* Game1.json */ = {isa = PBXFileReference; fileEncoding = 4; lastKnownFileType = text.json; path = Game1.json; sourceTree = "<group>"; };
		96DB34351AA78C110076F165 /* Game11.json */ = {isa = PBXFileReference; fileEncoding = 4; lastKnownFileType = text.json; path = Game11.json; sourceTree = "<group>"; };
		96DB34371AA78C1B0076F165 /* Game21.json */ = {isa = PBXFileReference; fileEncoding = 4; lastKnownFileType = text.json; path = Game21.json; sourceTree = "<group>"; };
		96DB34391AA78C230076F165 /* Game31.json */ = {isa = PBXFileReference; fileEncoding = 4; lastKnownFileType = text.json; path = Game31.json; sourceTree = "<group>"; };
		96DB343B1AA78C280076F165 /* Game3.json */ = {isa = PBXFileReference; fileEncoding = 4; lastKnownFileType = text.json; path = Game3.json; sourceTree = "<group>"; };
		96DB343D1AA78C2E0076F165 /* Game13.json */ = {isa = PBXFileReference; fileEncoding = 4; lastKnownFileType = text.json; path = Game13.json; sourceTree = "<group>"; };
		96DB34401AA78F930076F165 /* Dictionary.swift */ = {isa = PBXFileReference; fileEncoding = 4; lastKnownFileType = sourcecode.swift; path = Dictionary.swift; sourceTree = "<group>"; };
		96DB34441AA79F210076F165 /* Level.swift */ = {isa = PBXFileReference; fileEncoding = 4; lastKnownFileType = sourcecode.swift; path = Level.swift; sourceTree = "<group>"; };
		96DB34461AA7ABCC0076F165 /* Game23.json */ = {isa = PBXFileReference; fileEncoding = 4; lastKnownFileType = text.json; path = Game23.json; sourceTree = "<group>"; };
		96DB34481AA7ABD80076F165 /* Game15.json */ = {isa = PBXFileReference; fileEncoding = 4; lastKnownFileType = text.json; path = Game15.json; sourceTree = "<group>"; };
		96DB344A1AA7ABE20076F165 /* Game7.json */ = {isa = PBXFileReference; fileEncoding = 4; lastKnownFileType = text.json; path = Game7.json; sourceTree = "<group>"; };
		96DB344C1AA7ABE70076F165 /* Game37.json */ = {isa = PBXFileReference; fileEncoding = 4; lastKnownFileType = text.json; path = Game37.json; sourceTree = "<group>"; };
		96DB344E1AA7ABEC0076F165 /* Game29.json */ = {isa = PBXFileReference; fileEncoding = 4; lastKnownFileType = text.json; path = Game29.json; sourceTree = "<group>"; };
		96DB34501AA7ABF20076F165 /* Game33.json */ = {isa = PBXFileReference; fileEncoding = 4; lastKnownFileType = text.json; path = Game33.json; sourceTree = "<group>"; };
		96DB34521AA7ABF70076F165 /* Game25.json */ = {isa = PBXFileReference; fileEncoding = 4; lastKnownFileType = text.json; path = Game25.json; sourceTree = "<group>"; };
		96DB34541AA7ABFC0076F165 /* Game17.json */ = {isa = PBXFileReference; fileEncoding = 4; lastKnownFileType = text.json; path = Game17.json; sourceTree = "<group>"; };
		96DB34561AA7AC000076F165 /* Game9.json */ = {isa = PBXFileReference; fileEncoding = 4; lastKnownFileType = text.json; path = Game9.json; sourceTree = "<group>"; };
		96DB34581AA7AC040076F165 /* Game39.json */ = {isa = PBXFileReference; fileEncoding = 4; lastKnownFileType = text.json; path = Game39.json; sourceTree = "<group>"; };
		96DB345A1AA7AC090076F165 /* Game5.json */ = {isa = PBXFileReference; fileEncoding = 4; lastKnownFileType = text.json; path = Game5.json; sourceTree = "<group>"; };
		96DB345C1AA7AC0E0076F165 /* Game35.json */ = {isa = PBXFileReference; fileEncoding = 4; lastKnownFileType = text.json; path = Game35.json; sourceTree = "<group>"; };
		96DB345E1AA7AC130076F165 /* Game27.json */ = {isa = PBXFileReference; fileEncoding = 4; lastKnownFileType = text.json; path = Game27.json; sourceTree = "<group>"; };
		96DB34601AA7AC170076F165 /* Game19.json */ = {isa = PBXFileReference; fileEncoding = 4; lastKnownFileType = text.json; path = Game19.json; sourceTree = "<group>"; };
		96DB34621AA7AC1C0076F165 /* Game41.json */ = {isa = PBXFileReference; fileEncoding = 4; lastKnownFileType = text.json; path = Game41.json; sourceTree = "<group>"; };
		96DB34641AA7CB250076F165 /* Game51.json */ = {isa = PBXFileReference; fileEncoding = 4; lastKnownFileType = text.json; path = Game51.json; sourceTree = "<group>"; };
		96DB34661AA7CB300076F165 /* Game43.json */ = {isa = PBXFileReference; fileEncoding = 4; lastKnownFileType = text.json; path = Game43.json; sourceTree = "<group>"; };
		96DB34681AA7CB380076F165 /* Game73.json */ = {isa = PBXFileReference; fileEncoding = 4; lastKnownFileType = text.json; path = Game73.json; sourceTree = "<group>"; };
		96DB346A1AA7CB3E0076F165 /* Game65.json */ = {isa = PBXFileReference; fileEncoding = 4; lastKnownFileType = text.json; path = Game65.json; sourceTree = "<group>"; };
		96DB346C1AA7CB4C0076F165 /* Game57.json */ = {isa = PBXFileReference; fileEncoding = 4; lastKnownFileType = text.json; path = Game57.json; sourceTree = "<group>"; };
		96DB346E1AA7CB560076F165 /* Game61.json */ = {isa = PBXFileReference; fileEncoding = 4; lastKnownFileType = text.json; path = Game61.json; sourceTree = "<group>"; };
		96DB34701AA7CB5B0076F165 /* Game53.json */ = {isa = PBXFileReference; fileEncoding = 4; lastKnownFileType = text.json; path = Game53.json; sourceTree = "<group>"; };
		96DB34721AA7CB600076F165 /* Game45.json */ = {isa = PBXFileReference; fileEncoding = 4; lastKnownFileType = text.json; path = Game45.json; sourceTree = "<group>"; };
		96DB34741AA7CB650076F165 /* Game75.json */ = {isa = PBXFileReference; fileEncoding = 4; lastKnownFileType = text.json; path = Game75.json; sourceTree = "<group>"; };
		96DB34761AA7CB7D0076F165 /* Game67.json */ = {isa = PBXFileReference; fileEncoding = 4; lastKnownFileType = text.json; path = Game67.json; sourceTree = "<group>"; };
		96DB34781AA7CB8F0076F165 /* Game71.json */ = {isa = PBXFileReference; fileEncoding = 4; lastKnownFileType = text.json; path = Game71.json; sourceTree = "<group>"; };
		96DB347A1AA7CB980076F165 /* Game63.json */ = {isa = PBXFileReference; fileEncoding = 4; lastKnownFileType = text.json; path = Game63.json; sourceTree = "<group>"; };
		96DB347C1AA7CB9E0076F165 /* Game55.json */ = {isa = PBXFileReference; fileEncoding = 4; lastKnownFileType = text.json; path = Game55.json; sourceTree = "<group>"; };
		96DB347E1AA7CBA50076F165 /* Game47.json */ = {isa = PBXFileReference; fileEncoding = 4; lastKnownFileType = text.json; path = Game47.json; sourceTree = "<group>"; };
		96DB34801AA7CBAC0076F165 /* Game77.json */ = {isa = PBXFileReference; fileEncoding = 4; lastKnownFileType = text.json; path = Game77.json; sourceTree = "<group>"; };
		96DB34821AA7CEA10076F165 /* Game49.json */ = {isa = PBXFileReference; fileEncoding = 4; lastKnownFileType = text.json; path = Game49.json; sourceTree = "<group>"; };
		96DB34841AA7CEA90076F165 /* Game79.json */ = {isa = PBXFileReference; fileEncoding = 4; lastKnownFileType = text.json; path = Game79.json; sourceTree = "<group>"; };
		96DB34861AA7CEB10076F165 /* Game22.json */ = {isa = PBXFileReference; fileEncoding = 4; lastKnownFileType = text.json; path = Game22.json; sourceTree = "<group>"; };
		96DB34881AA7CEB70076F165 /* Game14.json */ = {isa = PBXFileReference; fileEncoding = 4; lastKnownFileType = text.json; path = Game14.json; sourceTree = "<group>"; };
		96DB348A1AA7CECA0076F165 /* Game6.json */ = {isa = PBXFileReference; fileEncoding = 4; lastKnownFileType = text.json; path = Game6.json; sourceTree = "<group>"; };
		96DB348C1AA7CED20076F165 /* Game59.json */ = {isa = PBXFileReference; fileEncoding = 4; lastKnownFileType = text.json; path = Game59.json; sourceTree = "<group>"; };
		96DB348E1AA7CED80076F165 /* Game2.json */ = {isa = PBXFileReference; fileEncoding = 4; lastKnownFileType = text.json; path = Game2.json; sourceTree = "<group>"; };
		96DB34901AA7CEE30076F165 /* Game32.json */ = {isa = PBXFileReference; fileEncoding = 4; lastKnownFileType = text.json; path = Game32.json; sourceTree = "<group>"; };
		96DB34921AA7CEFE0076F165 /* Game24.json */ = {isa = PBXFileReference; fileEncoding = 4; lastKnownFileType = text.json; path = Game24.json; sourceTree = "<group>"; };
		96DB34941AA7CF0D0076F165 /* Game16.json */ = {isa = PBXFileReference; fileEncoding = 4; lastKnownFileType = text.json; path = Game16.json; sourceTree = "<group>"; };
		96DB34961AA7CF6C0076F165 /* Game69.json */ = {isa = PBXFileReference; fileEncoding = 4; lastKnownFileType = text.json; path = Game69.json; sourceTree = "<group>"; };
		96DB34981AA7CF740076F165 /* Game12.json */ = {isa = PBXFileReference; fileEncoding = 4; lastKnownFileType = text.json; path = Game12.json; sourceTree = "<group>"; };
		96DB349A1AA7CF7B0076F165 /* Game4.json */ = {isa = PBXFileReference; fileEncoding = 4; lastKnownFileType = text.json; path = Game4.json; sourceTree = "<group>"; };
		96DB349C1AA7CF830076F165 /* Game34.json */ = {isa = PBXFileReference; fileEncoding = 4; lastKnownFileType = text.json; path = Game34.json; sourceTree = "<group>"; };
		96DB349E1AA7CF8B0076F165 /* Game26.json */ = {isa = PBXFileReference; fileEncoding = 4; lastKnownFileType = text.json; path = Game26.json; sourceTree = "<group>"; };
		96DB34A01AA88CC80076F165 /* Game36.json */ = {isa = PBXFileReference; fileEncoding = 4; lastKnownFileType = text.json; path = Game36.json; sourceTree = "<group>"; };
		96DB34A21AA88CDA0076F165 /* Game28.json */ = {isa = PBXFileReference; fileEncoding = 4; lastKnownFileType = text.json; path = Game28.json; sourceTree = "<group>"; };
		96DB34A41AA88CE50076F165 /* Game20.json */ = {isa = PBXFileReference; fileEncoding = 4; lastKnownFileType = text.json; path = Game20.json; sourceTree = "<group>"; };
		96DB34A61AA88CF40076F165 /* Game42.json */ = {isa = PBXFileReference; fileEncoding = 4; lastKnownFileType = text.json; path = Game42.json; sourceTree = "<group>"; };
		96DB34A81AA88D060076F165 /* Game72.json */ = {isa = PBXFileReference; fileEncoding = 4; lastKnownFileType = text.json; path = Game72.json; sourceTree = "<group>"; };
		96DB34AA1AA88D130076F165 /* Game8.json */ = {isa = PBXFileReference; fileEncoding = 4; lastKnownFileType = text.json; path = Game8.json; sourceTree = "<group>"; };
		96DB34AC1AA88D1B0076F165 /* Game38.json */ = {isa = PBXFileReference; fileEncoding = 4; lastKnownFileType = text.json; path = Game38.json; sourceTree = "<group>"; };
		96DB34AE1AA88D220076F165 /* Game30.json */ = {isa = PBXFileReference; fileEncoding = 4; lastKnownFileType = text.json; path = Game30.json; sourceTree = "<group>"; };
		96DB34B01AA88D2A0076F165 /* Game52.json */ = {isa = PBXFileReference; fileEncoding = 4; lastKnownFileType = text.json; path = Game52.json; sourceTree = "<group>"; };
		96DB34B21AA88D380076F165 /* Game44.json */ = {isa = PBXFileReference; fileEncoding = 4; lastKnownFileType = text.json; path = Game44.json; sourceTree = "<group>"; };
		96DB34B41AA88D4B0076F165 /* Game18.json */ = {isa = PBXFileReference; fileEncoding = 4; lastKnownFileType = text.json; path = Game18.json; sourceTree = "<group>"; };
		96DB34B61AA88D530076F165 /* Game10.json */ = {isa = PBXFileReference; fileEncoding = 4; lastKnownFileType = text.json; path = Game10.json; sourceTree = "<group>"; };
		96DB34B81AA88D660076F165 /* Game40.json */ = {isa = PBXFileReference; fileEncoding = 4; lastKnownFileType = text.json; path = Game40.json; sourceTree = "<group>"; };
		96DB34BA1AA88D730076F165 /* Game62.json */ = {isa = PBXFileReference; fileEncoding = 4; lastKnownFileType = text.json; path = Game62.json; sourceTree = "<group>"; };
		96DB34BC1AA88D7E0076F165 /* Game54.json */ = {isa = PBXFileReference; fileEncoding = 4; lastKnownFileType = text.json; path = Game54.json; sourceTree = "<group>"; };
		96DB34BE1AA8AD4F0076F165 /* Game64.json */ = {isa = PBXFileReference; fileEncoding = 4; lastKnownFileType = text.json; path = Game64.json; sourceTree = "<group>"; };
		96DB34C01AA8AD5C0076F165 /* Game56.json */ = {isa = PBXFileReference; fileEncoding = 4; lastKnownFileType = text.json; path = Game56.json; sourceTree = "<group>"; };
		96DB34C21AA8AD680076F165 /* Game48.json */ = {isa = PBXFileReference; fileEncoding = 4; lastKnownFileType = text.json; path = Game48.json; sourceTree = "<group>"; };
		96DB34C41AA8AD700076F165 /* Game78.json */ = {isa = PBXFileReference; fileEncoding = 4; lastKnownFileType = text.json; path = Game78.json; sourceTree = "<group>"; };
		96DB34C61AA8AD770076F165 /* Game70.json */ = {isa = PBXFileReference; fileEncoding = 4; lastKnownFileType = text.json; path = Game70.json; sourceTree = "<group>"; };
		96DB34C81AA8AD800076F165 /* Game74.json */ = {isa = PBXFileReference; fileEncoding = 4; lastKnownFileType = text.json; path = Game74.json; sourceTree = "<group>"; };
		96DB34CA1AA8AD890076F165 /* Game66.json */ = {isa = PBXFileReference; fileEncoding = 4; lastKnownFileType = text.json; path = Game66.json; sourceTree = "<group>"; };
		96DB34CC1AA8AD930076F165 /* Game58.json */ = {isa = PBXFileReference; fileEncoding = 4; lastKnownFileType = text.json; path = Game58.json; sourceTree = "<group>"; };
		96DB34CE1AA8AD9B0076F165 /* Game50.json */ = {isa = PBXFileReference; fileEncoding = 4; lastKnownFileType = text.json; path = Game50.json; sourceTree = "<group>"; };
		96DB34D01AA8ADA40076F165 /* Game80.json */ = {isa = PBXFileReference; fileEncoding = 4; lastKnownFileType = text.json; path = Game80.json; sourceTree = "<group>"; };
		96DB34D21AA8ADAD0076F165 /* Game46.json */ = {isa = PBXFileReference; fileEncoding = 4; lastKnownFileType = text.json; path = Game46.json; sourceTree = "<group>"; };
		96DB34D41AA8ADB90076F165 /* Game76.json */ = {isa = PBXFileReference; fileEncoding = 4; lastKnownFileType = text.json; path = Game76.json; sourceTree = "<group>"; };
		96DB34D61AA8ADC20076F165 /* Game68.json */ = {isa = PBXFileReference; fileEncoding = 4; lastKnownFileType = text.json; path = Game68.json; sourceTree = "<group>"; };
		96DB34D81AA8ADC90076F165 /* Game60.json */ = {isa = PBXFileReference; fileEncoding = 4; lastKnownFileType = text.json; path = Game60.json; sourceTree = "<group>"; };
		96F0C8951A98F14E00755598 /* Slot.swift */ = {isa = PBXFileReference; fileEncoding = 4; lastKnownFileType = sourcecode.swift; path = Slot.swift; sourceTree = "<group>"; };
		96F12CCA1A6AF6D100435452 /* Game.swift */ = {isa = PBXFileReference; fileEncoding = 4; lastKnownFileType = sourcecode.swift; path = Game.swift; sourceTree = "<group>"; };
		A298B90C2E03BB403C14639B /* Pods-Black BoxTests.debug.xcconfig */ = {isa = PBXFileReference; includeInIndex = 1; lastKnownFileType = text.xcconfig; name = "Pods-Black BoxTests.debug.xcconfig"; path = "Pods/Target Support Files/Pods-Black BoxTests/Pods-Black BoxTests.debug.xcconfig"; sourceTree = "<group>"; };
		B96C5085B51A97ED2F855F61 /* Pods-Black Box.debug.xcconfig */ = {isa = PBXFileReference; includeInIndex = 1; lastKnownFileType = text.xcconfig; name = "Pods-Black Box.debug.xcconfig"; path = "Pods/Target Support Files/Pods-Black Box/Pods-Black Box.debug.xcconfig"; sourceTree = "<group>"; };
		EFED1BB4C1A7CAD391AC5A4C /* Pods_Black_Box.framework */ = {isa = PBXFileReference; explicitFileType = wrapper.framework; includeInIndex = 0; path = Pods_Black_Box.framework; sourceTree = BUILT_PRODUCTS_DIR; };
/* End PBXFileReference section */

/* Begin PBXFrameworksBuildPhase section */
		965E5FF51A507C5F00BB183F /* Frameworks */ = {
			isa = PBXFrameworksBuildPhase;
			buildActionMask = 2147483647;
			files = (
				4466763C2575C7A6906F8F17 /* Pods_Black_Box.framework in Frameworks */,
			);
			runOnlyForDeploymentPostprocessing = 0;
		};
		965E600E1A507C6000BB183F /* Frameworks */ = {
			isa = PBXFrameworksBuildPhase;
			buildActionMask = 2147483647;
			files = (
				96AC89461DD7BA05007356B8 /* Nimble.framework in Frameworks */,
				96AC89471DD7BA05007356B8 /* Quick.framework in Frameworks */,
				8D1A6432170A9E22FF951A14 /* Pods_Black_BoxTests.framework in Frameworks */,
			);
			runOnlyForDeploymentPostprocessing = 0;
		};
/* End PBXFrameworksBuildPhase section */

/* Begin PBXGroup section */
		9610683E1A94D686002B02D0 /* Models */ = {
			isa = PBXGroup;
			children = (
				961068511A94E01B002B02D0 /* Board.swift */,
				9610684F1A94DD6E002B02D0 /* Direction.swift */,
				9610684D1A94DAB7002B02D0 /* ExitResult.swift */,
				96F12CCA1A6AF6D100435452 /* Game.swift */,
				96DB34441AA79F210076F165 /* Level.swift */,
				9610684B1A94D86D002B02D0 /* Location.swift */,
				968FFDA41A94F08D006E59A2 /* Ray.swift */,
				96F0C8951A98F14E00755598 /* Slot.swift */,
			);
			name = Models;
			path = Models;
			sourceTree = "<group>";
		};
		961068491A94D6F7002B02D0 /* Controllers */ = {
			isa = PBXGroup;
			children = (
				965E60031A507C6000BB183F /* GameViewController.swift */,
				968C01B01B0445FF003F8BA7 /* InstructionsViewController.swift */,
			);
			name = Controllers;
			path = Controllers;
			sourceTree = "<group>";
		};
		9610684A1A94D708002B02D0 /* Views */ = {
			isa = PBXGroup;
			children = (
				9603D8171A70A9A7007A1A0F /* EntryPoint.swift */,
				965E60011A507C6000BB183F /* GameScene.swift */,
				965E60051A507C6000BB183F /* Main.storyboard */,
			);
			name = Views;
			path = Views;
			sourceTree = "<group>";
		};
		965DF4951ABF3C92008866BC /* Sounds */ = {
			isa = PBXGroup;
			children = (
				969865201AAB48D400D277C6 /* Failure.wav */,
				969865131AAB47AD00D277C6 /* Mark.wav */,
				969865221AAB48D400D277C6 /* NewGame.wav */,
				9698651F1AAB48D400D277C6 /* Probe.wav */,
				969865211AAB48D400D277C6 /* Success.wav */,
			);
			name = Sounds;
			path = Sounds;
			sourceTree = "<group>";
		};
		965E5FEF1A507C5F00BB183F = {
			isa = PBXGroup;
			children = (
				965E5FFA1A507C5F00BB183F /* Black Box */,
				965E60141A507C6000BB183F /* Black BoxTests */,
				96AC89411DD7B9D7007356B8 /* Frameworks */,
				F0CDC334CE2CE5EDDA8679BA /* Pods */,
				965E5FF91A507C5F00BB183F /* Products */,
			);
			sourceTree = "<group>";
		};
		965E5FF91A507C5F00BB183F /* Products */ = {
			isa = PBXGroup;
			children = (
				965E5FF81A507C5F00BB183F /* Black Box.app */,
				965E60111A507C6000BB183F /* Black BoxTests.xctest */,
			);
			name = Products;
			sourceTree = "<group>";
		};
		965E5FFA1A507C5F00BB183F /* Black Box */ = {
			isa = PBXGroup;
			children = (
				961068491A94D6F7002B02D0 /* Controllers */,
				96DB343F1AA78F7A0076F165 /* Extensions */,
				96DB34261AA789570076F165 /* Levels */,
				968C01AD1B04399D003F8BA7 /* Markdown */,
				9610683E1A94D686002B02D0 /* Models */,
				965DF4951ABF3C92008866BC /* Sounds */,
				965E5FFB1A507C5F00BB183F /* Supporting Files */,
				96B9E4BA1F69CAE50006AEA2 /* Utility */,
				968C01B41B057DF0003F8BA7 /* Vendor */,
				9610684A1A94D708002B02D0 /* Views */,
				965E5FFD1A507C6000BB183F /* AppDelegate.swift */,
				965E60081A507C6000BB183F /* Images.xcassets */,
				965E600A1A507C6000BB183F /* LaunchScreen.xib */,
			);
			path = "Black Box";
			sourceTree = "<group>";
		};
		965E5FFB1A507C5F00BB183F /* Supporting Files */ = {
			isa = PBXGroup;
			children = (
				965E5FFC1A507C6000BB183F /* Info.plist */,
			);
			name = "Supporting Files";
			path = "Supporting Files";
			sourceTree = "<group>";
		};
		965E60141A507C6000BB183F /* Black BoxTests */ = {
			isa = PBXGroup;
			children = (
				965E60151A507C6000BB183F /* Supporting Files */,
				9633C2F91A524038005826D1 /* BlackBoxSpecs.swift */,
				961F30BE1C04A6B80055E5F5 /* GameSceneTests.swift */,
			);
			path = "Black BoxTests";
			sourceTree = "<group>";
		};
		965E60151A507C6000BB183F /* Supporting Files */ = {
			isa = PBXGroup;
			children = (
				965E60161A507C6000BB183F /* Info.plist */,
			);
			name = "Supporting Files";
			path = "Supporting Files";
			sourceTree = "<group>";
		};
		968C01AD1B04399D003F8BA7 /* Markdown */ = {
			isa = PBXGroup;
			children = (
				968C01AE1B0439F0003F8BA7 /* README.md */,
			);
			name = Markdown;
			path = Markdown;
			sourceTree = "<group>";
		};
		968C01B41B057DF0003F8BA7 /* Vendor */ = {
			isa = PBXGroup;
			children = (
				9666980C1BF266A0007200DF /* Markdown.swift */,
			);
			name = Vendor;
			path = Vendor;
			sourceTree = "<group>";
		};
		96AC89411DD7B9D7007356B8 /* Frameworks */ = {
			isa = PBXGroup;
			children = (
				962BF8EF1F4E5E5C0095C294 /* Moxie.framework */,
				96AC89441DD7BA05007356B8 /* Nimble.framework */,
				96AC89451DD7BA05007356B8 /* Quick.framework */,
				EFED1BB4C1A7CAD391AC5A4C /* Pods_Black_Box.framework */,
				86EAEA89556E05B886B089C1 /* Pods_Black_BoxTests.framework */,
			);
			name = Frameworks;
			sourceTree = "<group>";
		};
		96B9E4BA1F69CAE50006AEA2 /* Utility */ = {
			isa = PBXGroup;
			children = (
				96B9E4BB1F69CB150006AEA2 /* Random.swift */,
			);
			name = Utility;
			path = Utility;
			sourceTree = "<group>";
		};
		96DB34261AA789570076F165 /* Levels */ = {
			isa = PBXGroup;
			children = (
				96DB34311AA789F70076F165 /* Game1.json */,
				96DB34B61AA88D530076F165 /* Game10.json */,
				96DB34351AA78C110076F165 /* Game11.json */,
				96DB34981AA7CF740076F165 /* Game12.json */,
				96DB343D1AA78C2E0076F165 /* Game13.json */,
				96DB34881AA7CEB70076F165 /* Game14.json */,
				96DB34481AA7ABD80076F165 /* Game15.json */,
				96DB34941AA7CF0D0076F165 /* Game16.json */,
				96DB34541AA7ABFC0076F165 /* Game17.json */,
				96DB34B41AA88D4B0076F165 /* Game18.json */,
				96DB34601AA7AC170076F165 /* Game19.json */,
				96DB348E1AA7CED80076F165 /* Game2.json */,
				96DB34A41AA88CE50076F165 /* Game20.json */,
				96DB34371AA78C1B0076F165 /* Game21.json */,
				96DB34861AA7CEB10076F165 /* Game22.json */,
				96DB34461AA7ABCC0076F165 /* Game23.json */,
				96DB34921AA7CEFE0076F165 /* Game24.json */,
				96DB34521AA7ABF70076F165 /* Game25.json */,
				96DB349E1AA7CF8B0076F165 /* Game26.json */,
				96DB345E1AA7AC130076F165 /* Game27.json */,
				96DB34A21AA88CDA0076F165 /* Game28.json */,
				96DB344E1AA7ABEC0076F165 /* Game29.json */,
				96DB343B1AA78C280076F165 /* Game3.json */,
				96DB34AE1AA88D220076F165 /* Game30.json */,
				96DB34391AA78C230076F165 /* Game31.json */,
				96DB34901AA7CEE30076F165 /* Game32.json */,
				96DB34501AA7ABF20076F165 /* Game33.json */,
				96DB349C1AA7CF830076F165 /* Game34.json */,
				96DB345C1AA7AC0E0076F165 /* Game35.json */,
				96DB34A01AA88CC80076F165 /* Game36.json */,
				96DB344C1AA7ABE70076F165 /* Game37.json */,
				96DB34AC1AA88D1B0076F165 /* Game38.json */,
				96DB34581AA7AC040076F165 /* Game39.json */,
				96DB349A1AA7CF7B0076F165 /* Game4.json */,
				96DB34B81AA88D660076F165 /* Game40.json */,
				96DB34621AA7AC1C0076F165 /* Game41.json */,
				96DB34A61AA88CF40076F165 /* Game42.json */,
				96DB34661AA7CB300076F165 /* Game43.json */,
				96DB34B21AA88D380076F165 /* Game44.json */,
				96DB34721AA7CB600076F165 /* Game45.json */,
				96DB34D21AA8ADAD0076F165 /* Game46.json */,
				96DB347E1AA7CBA50076F165 /* Game47.json */,
				96DB34C21AA8AD680076F165 /* Game48.json */,
				96DB34821AA7CEA10076F165 /* Game49.json */,
				96DB345A1AA7AC090076F165 /* Game5.json */,
				96DB34CE1AA8AD9B0076F165 /* Game50.json */,
				96DB34641AA7CB250076F165 /* Game51.json */,
				96DB34B01AA88D2A0076F165 /* Game52.json */,
				96DB34701AA7CB5B0076F165 /* Game53.json */,
				96DB34BC1AA88D7E0076F165 /* Game54.json */,
				96DB347C1AA7CB9E0076F165 /* Game55.json */,
				96DB34C01AA8AD5C0076F165 /* Game56.json */,
				96DB346C1AA7CB4C0076F165 /* Game57.json */,
				96DB34CC1AA8AD930076F165 /* Game58.json */,
				96DB348C1AA7CED20076F165 /* Game59.json */,
				96DB348A1AA7CECA0076F165 /* Game6.json */,
				96DB34D81AA8ADC90076F165 /* Game60.json */,
				96DB346E1AA7CB560076F165 /* Game61.json */,
				96DB34BA1AA88D730076F165 /* Game62.json */,
				96DB347A1AA7CB980076F165 /* Game63.json */,
				96DB34BE1AA8AD4F0076F165 /* Game64.json */,
				96DB346A1AA7CB3E0076F165 /* Game65.json */,
				96DB34CA1AA8AD890076F165 /* Game66.json */,
				96DB34761AA7CB7D0076F165 /* Game67.json */,
				96DB34D61AA8ADC20076F165 /* Game68.json */,
				96DB34961AA7CF6C0076F165 /* Game69.json */,
				96DB344A1AA7ABE20076F165 /* Game7.json */,
				96DB34C61AA8AD770076F165 /* Game70.json */,
				96DB34781AA7CB8F0076F165 /* Game71.json */,
				96DB34A81AA88D060076F165 /* Game72.json */,
				96DB34681AA7CB380076F165 /* Game73.json */,
				96DB34C81AA8AD800076F165 /* Game74.json */,
				96DB34741AA7CB650076F165 /* Game75.json */,
				96DB34D41AA8ADB90076F165 /* Game76.json */,
				96DB34801AA7CBAC0076F165 /* Game77.json */,
				96DB34C41AA8AD700076F165 /* Game78.json */,
				96DB34841AA7CEA90076F165 /* Game79.json */,
				96DB34AA1AA88D130076F165 /* Game8.json */,
				96DB34D01AA8ADA40076F165 /* Game80.json */,
				96DB34561AA7AC000076F165 /* Game9.json */,
			);
			name = Levels;
			path = Levels;
			sourceTree = "<group>";
		};
		96DB343F1AA78F7A0076F165 /* Extensions */ = {
			isa = PBXGroup;
			children = (
				96DB34401AA78F930076F165 /* Dictionary.swift */,
			);
			name = Extensions;
			path = Extensions;
			sourceTree = "<group>";
		};
		F0CDC334CE2CE5EDDA8679BA /* Pods */ = {
			isa = PBXGroup;
			children = (
				B96C5085B51A97ED2F855F61 /* Pods-Black Box.debug.xcconfig */,
				1AE3747D1FA978EAB154A084 /* Pods-Black Box.release.xcconfig */,
				A298B90C2E03BB403C14639B /* Pods-Black BoxTests.debug.xcconfig */,
				2C77435B99747E85B445BDA2 /* Pods-Black BoxTests.release.xcconfig */,
			);
			name = Pods;
			sourceTree = "<group>";
		};
/* End PBXGroup section */

/* Begin PBXNativeTarget section */
		965E5FF71A507C5F00BB183F /* Black Box */ = {
			isa = PBXNativeTarget;
			buildConfigurationList = 965E601B1A507C6000BB183F /* Build configuration list for PBXNativeTarget "Black Box" */;
			buildPhases = (
				848DC5B44E7B3C38FDC848AD /* [CP] Check Pods Manifest.lock */,
				965E5FF41A507C5F00BB183F /* Sources */,
				965E5FF51A507C5F00BB183F /* Frameworks */,
				965E5FF61A507C5F00BB183F /* Resources */,
				968C06D21CB1A3B400964516 /* SwiftLint */,
			);
			buildRules = (
			);
			dependencies = (
			);
			name = "Black Box";
			productName = "Black Box";
			productReference = 965E5FF81A507C5F00BB183F /* Black Box.app */;
			productType = "com.apple.product-type.application";
		};
		965E60101A507C6000BB183F /* Black BoxTests */ = {
			isa = PBXNativeTarget;
			buildConfigurationList = 965E601E1A507C6000BB183F /* Build configuration list for PBXNativeTarget "Black BoxTests" */;
			buildPhases = (
				326688EBFD41D8F7388934F1 /* [CP] Check Pods Manifest.lock */,
				965E600D1A507C6000BB183F /* Sources */,
				965E600E1A507C6000BB183F /* Frameworks */,
				965E600F1A507C6000BB183F /* Resources */,
				962BF8F41F4E5F670095C294 /* ShellScript */,
				83203FAEE3A4CE1EB134E2FB /* [CP] Embed Pods Frameworks */,
			);
			buildRules = (
			);
			dependencies = (
				965E60131A507C6000BB183F /* PBXTargetDependency */,
			);
			name = "Black BoxTests";
			productName = "Black BoxTests";
			productReference = 965E60111A507C6000BB183F /* Black BoxTests.xctest */;
			productType = "com.apple.product-type.bundle.unit-test";
		};
/* End PBXNativeTarget section */

/* Begin PBXProject section */
		965E5FF01A507C5F00BB183F /* Project object */ = {
			isa = PBXProject;
			attributes = {
				LastSwiftMigration = 0710;
				LastSwiftUpdateCheck = 0710;
				LastUpgradeCheck = 1020;
				ORGANIZATIONNAME = "Peapod Multimedia, ltd.";
				TargetAttributes = {
					965E5FF71A507C5F00BB183F = {
						CreatedOnToolsVersion = 6.1.1;
						DevelopmentTeam = SPU386ZNKS;
						LastSwiftMigration = 1020;
					};
					965E60101A507C6000BB183F = {
						CreatedOnToolsVersion = 6.1.1;
						LastSwiftMigration = 1020;
						TestTargetID = 965E5FF71A507C5F00BB183F;
					};
				};
			};
			buildConfigurationList = 965E5FF31A507C5F00BB183F /* Build configuration list for PBXProject "Black Box" */;
			compatibilityVersion = "Xcode 3.2";
			developmentRegion = English;
			hasScannedForEncodings = 0;
			knownRegions = (
				English,
				en,
				Base,
			);
			mainGroup = 965E5FEF1A507C5F00BB183F;
			productRefGroup = 965E5FF91A507C5F00BB183F /* Products */;
			projectDirPath = "";
			projectRoot = "";
			targets = (
				965E5FF71A507C5F00BB183F /* Black Box */,
				965E60101A507C6000BB183F /* Black BoxTests */,
			);
		};
/* End PBXProject section */

/* Begin PBXResourcesBuildPhase section */
		965E5FF61A507C5F00BB183F /* Resources */ = {
			isa = PBXResourcesBuildPhase;
			buildActionMask = 2147483647;
			files = (
				968C01B51B058993003F8BA7 /* README.md in Resources */,
				96DB347F1AA7CBA50076F165 /* Game47.json in Resources */,
				96DB343A1AA78C230076F165 /* Game31.json in Resources */,
				969865261AAB48D400D277C6 /* NewGame.wav in Resources */,
				965E600C1A507C6000BB183F /* LaunchScreen.xib in Resources */,
				96DB345F1AA7AC130076F165 /* Game27.json in Resources */,
				96DB34CB1AA8AD890076F165 /* Game66.json in Resources */,
				96DB34D31AA8ADAD0076F165 /* Game46.json in Resources */,
				96DB34A71AA88CF40076F165 /* Game42.json in Resources */,
				96DB34AD1AA88D1B0076F165 /* Game38.json in Resources */,
				96DB34891AA7CEB70076F165 /* Game14.json in Resources */,
				96DB34D91AA8ADC90076F165 /* Game60.json in Resources */,
				96DB343E1AA78C2E0076F165 /* Game13.json in Resources */,
				96DB34491AA7ABD80076F165 /* Game15.json in Resources */,
				96DB34791AA7CB8F0076F165 /* Game71.json in Resources */,
				96DB34811AA7CBAC0076F165 /* Game77.json in Resources */,
				96DB34C51AA8AD700076F165 /* Game78.json in Resources */,
				96DB34AB1AA88D130076F165 /* Game8.json in Resources */,
				96DB34671AA7CB300076F165 /* Game43.json in Resources */,
				96DB34971AA7CF6C0076F165 /* Game69.json in Resources */,
				96DB34691AA7CB380076F165 /* Game73.json in Resources */,
				96DB34B11AA88D2A0076F165 /* Game52.json in Resources */,
				96DB344D1AA7ABE70076F165 /* Game37.json in Resources */,
				96DB34321AA789F70076F165 /* Game1.json in Resources */,
				96DB34851AA7CEA90076F165 /* Game79.json in Resources */,
				96DB34C11AA8AD5C0076F165 /* Game56.json in Resources */,
				96DB346F1AA7CB560076F165 /* Game61.json in Resources */,
				96DB349B1AA7CF7B0076F165 /* Game4.json in Resources */,
				96DB347B1AA7CB980076F165 /* Game63.json in Resources */,
				96DB34B31AA88D380076F165 /* Game44.json in Resources */,
				96DB345B1AA7AC090076F165 /* Game5.json in Resources */,
				96DB344F1AA7ABEC0076F165 /* Game29.json in Resources */,
				96DB34591AA7AC040076F165 /* Game39.json in Resources */,
				96DB344B1AA7ABE20076F165 /* Game7.json in Resources */,
				96DB34931AA7CEFE0076F165 /* Game24.json in Resources */,
				96DB34D11AA8ADA40076F165 /* Game80.json in Resources */,
				96DB34AF1AA88D220076F165 /* Game30.json in Resources */,
				96DB34711AA7CB5B0076F165 /* Game53.json in Resources */,
				96DB345D1AA7AC0E0076F165 /* Game35.json in Resources */,
				96DB348D1AA7CED20076F165 /* Game59.json in Resources */,
				96DB34991AA7CF740076F165 /* Game12.json in Resources */,
				96DB34D71AA8ADC20076F165 /* Game68.json in Resources */,
				96DB34551AA7ABFC0076F165 /* Game17.json in Resources */,
				96DB34BD1AA88D7E0076F165 /* Game54.json in Resources */,
				96DB34911AA7CEE30076F165 /* Game32.json in Resources */,
				96DB34531AA7ABF70076F165 /* Game25.json in Resources */,
				96DB34571AA7AC000076F165 /* Game9.json in Resources */,
				96DB34D51AA8ADB90076F165 /* Game76.json in Resources */,
				96DB343C1AA78C280076F165 /* Game3.json in Resources */,
				96DB34C31AA8AD680076F165 /* Game48.json in Resources */,
				96DB34BB1AA88D730076F165 /* Game62.json in Resources */,
				96DB34631AA7AC1C0076F165 /* Game41.json in Resources */,
				96DB34751AA7CB650076F165 /* Game75.json in Resources */,
				96DB346B1AA7CB3E0076F165 /* Game65.json in Resources */,
				96DB34CD1AA8AD930076F165 /* Game58.json in Resources */,
				96DB346D1AA7CB4C0076F165 /* Game57.json in Resources */,
				969865231AAB48D400D277C6 /* Probe.wav in Resources */,
				969865141AAB47AD00D277C6 /* Mark.wav in Resources */,
				96DB34831AA7CEA10076F165 /* Game49.json in Resources */,
				96DB34871AA7CEB10076F165 /* Game22.json in Resources */,
				96DB34CF1AA8AD9B0076F165 /* Game50.json in Resources */,
				96DB34611AA7AC170076F165 /* Game19.json in Resources */,
				965E60091A507C6000BB183F /* Images.xcassets in Resources */,
				96DB34B91AA88D660076F165 /* Game40.json in Resources */,
				969865251AAB48D400D277C6 /* Success.wav in Resources */,
				96DB34731AA7CB600076F165 /* Game45.json in Resources */,
				96DB34A91AA88D060076F165 /* Game72.json in Resources */,
				96DB34511AA7ABF20076F165 /* Game33.json in Resources */,
				96DB347D1AA7CB9E0076F165 /* Game55.json in Resources */,
				96DB348B1AA7CECA0076F165 /* Game6.json in Resources */,
				969865241AAB48D400D277C6 /* Failure.wav in Resources */,
				965E60071A507C6000BB183F /* Main.storyboard in Resources */,
				96DB34471AA7ABCC0076F165 /* Game23.json in Resources */,
				96DB34B71AA88D530076F165 /* Game10.json in Resources */,
				96DB348F1AA7CED80076F165 /* Game2.json in Resources */,
				96DB34BF1AA8AD4F0076F165 /* Game64.json in Resources */,
				96DB34951AA7CF0D0076F165 /* Game16.json in Resources */,
				96DB349D1AA7CF830076F165 /* Game34.json in Resources */,
				96DB34C91AA8AD800076F165 /* Game74.json in Resources */,
				96DB34A51AA88CE50076F165 /* Game20.json in Resources */,
				96DB34C71AA8AD770076F165 /* Game70.json in Resources */,
				96DB349F1AA7CF8B0076F165 /* Game26.json in Resources */,
				96DB34A11AA88CC80076F165 /* Game36.json in Resources */,
				96DB34361AA78C110076F165 /* Game11.json in Resources */,
				96DB34A31AA88CDA0076F165 /* Game28.json in Resources */,
				96DB34381AA78C1B0076F165 /* Game21.json in Resources */,
				96DB34771AA7CB7D0076F165 /* Game67.json in Resources */,
				96DB34B51AA88D4B0076F165 /* Game18.json in Resources */,
				96DB34651AA7CB250076F165 /* Game51.json in Resources */,
			);
			runOnlyForDeploymentPostprocessing = 0;
		};
		965E600F1A507C6000BB183F /* Resources */ = {
			isa = PBXResourcesBuildPhase;
			buildActionMask = 2147483647;
			files = (
			);
			runOnlyForDeploymentPostprocessing = 0;
		};
/* End PBXResourcesBuildPhase section */

/* Begin PBXShellScriptBuildPhase section */
		326688EBFD41D8F7388934F1 /* [CP] Check Pods Manifest.lock */ = {
			isa = PBXShellScriptBuildPhase;
			buildActionMask = 2147483647;
			files = (
			);
			inputPaths = (
				"${PODS_PODFILE_DIR_PATH}/Podfile.lock",
				"${PODS_ROOT}/Manifest.lock",
			);
			name = "[CP] Check Pods Manifest.lock";
			outputPaths = (
				"$(DERIVED_FILE_DIR)/Pods-Black BoxTests-checkManifestLockResult.txt",
			);
			runOnlyForDeploymentPostprocessing = 0;
			shellPath = /bin/sh;
			shellScript = "diff \"${PODS_PODFILE_DIR_PATH}/Podfile.lock\" \"${PODS_ROOT}/Manifest.lock\" > /dev/null\nif [ $? != 0 ] ; then\n    # print error to STDERR\n    echo \"error: The sandbox is not in sync with the Podfile.lock. Run 'pod install' or update your CocoaPods installation.\" >&2\n    exit 1\nfi\n# This output is used by Xcode 'outputs' to avoid re-running this script phase.\necho \"SUCCESS\" > \"${SCRIPT_OUTPUT_FILE_0}\"\n";
			showEnvVarsInLog = 0;
		};
		83203FAEE3A4CE1EB134E2FB /* [CP] Embed Pods Frameworks */ = {
			isa = PBXShellScriptBuildPhase;
			buildActionMask = 2147483647;
			files = (
			);
			inputPaths = (
				"${PODS_ROOT}/Target Support Files/Pods-Black BoxTests/Pods-Black BoxTests-frameworks.sh",
				"${BUILT_PRODUCTS_DIR}/Moxie/Moxie.framework",
				"${BUILT_PRODUCTS_DIR}/Nimble/Nimble.framework",
				"${BUILT_PRODUCTS_DIR}/Quick/Quick.framework",
			);
			name = "[CP] Embed Pods Frameworks";
			outputPaths = (
				"${TARGET_BUILD_DIR}/${FRAMEWORKS_FOLDER_PATH}/Moxie.framework",
				"${TARGET_BUILD_DIR}/${FRAMEWORKS_FOLDER_PATH}/Nimble.framework",
				"${TARGET_BUILD_DIR}/${FRAMEWORKS_FOLDER_PATH}/Quick.framework",
			);
			runOnlyForDeploymentPostprocessing = 0;
			shellPath = /bin/sh;
			shellScript = "\"${PODS_ROOT}/Target Support Files/Pods-Black BoxTests/Pods-Black BoxTests-frameworks.sh\"\n";
			showEnvVarsInLog = 0;
		};
		848DC5B44E7B3C38FDC848AD /* [CP] Check Pods Manifest.lock */ = {
			isa = PBXShellScriptBuildPhase;
			buildActionMask = 2147483647;
			files = (
			);
			inputPaths = (
				"${PODS_PODFILE_DIR_PATH}/Podfile.lock",
				"${PODS_ROOT}/Manifest.lock",
			);
			name = "[CP] Check Pods Manifest.lock";
			outputPaths = (
				"$(DERIVED_FILE_DIR)/Pods-Black Box-checkManifestLockResult.txt",
			);
			runOnlyForDeploymentPostprocessing = 0;
			shellPath = /bin/sh;
			shellScript = "diff \"${PODS_PODFILE_DIR_PATH}/Podfile.lock\" \"${PODS_ROOT}/Manifest.lock\" > /dev/null\nif [ $? != 0 ] ; then\n    # print error to STDERR\n    echo \"error: The sandbox is not in sync with the Podfile.lock. Run 'pod install' or update your CocoaPods installation.\" >&2\n    exit 1\nfi\n# This output is used by Xcode 'outputs' to avoid re-running this script phase.\necho \"SUCCESS\" > \"${SCRIPT_OUTPUT_FILE_0}\"\n";
			showEnvVarsInLog = 0;
		};
		962BF8F41F4E5F670095C294 /* ShellScript */ = {
			isa = PBXShellScriptBuildPhase;
			buildActionMask = 8;
			files = (
			);
			inputPaths = (
				"$(SRCROOT)/Carthage/Build/iOS/Moxie.framework",
			);
			outputPaths = (
			);
			runOnlyForDeploymentPostprocessing = 1;
			shellPath = "carthage copy-frameworks";
			shellScript = "";
		};
		968C06D21CB1A3B400964516 /* SwiftLint */ = {
			isa = PBXShellScriptBuildPhase;
			buildActionMask = 2147483647;
			files = (
			);
			inputPaths = (
			);
			name = SwiftLint;
			outputPaths = (
			);
			runOnlyForDeploymentPostprocessing = 0;
			shellPath = /bin/sh;
			shellScript = "if which swiftlint >/dev/null; then\n    swiftlint\nelse\n    echo \"warning: SwiftLint not installed, download from https://github.com/realm/SwiftLint\"\nfi\n";
		};
/* End PBXShellScriptBuildPhase section */

/* Begin PBXSourcesBuildPhase section */
		965E5FF41A507C5F00BB183F /* Sources */ = {
			isa = PBXSourcesBuildPhase;
			buildActionMask = 2147483647;
			files = (
				96DB34451AA79F210076F165 /* Level.swift in Sources */,
				9666980D1BF266A0007200DF /* Markdown.swift in Sources */,
				965E60021A507C6000BB183F /* GameScene.swift in Sources */,
				9603D8181A70A9A7007A1A0F /* EntryPoint.swift in Sources */,
				965E60041A507C6000BB183F /* GameViewController.swift in Sources */,
				961068501A94DD6E002B02D0 /* Direction.swift in Sources */,
				968FFDA51A94F08D006E59A2 /* Ray.swift in Sources */,
				96DB34411AA78F930076F165 /* Dictionary.swift in Sources */,
				96B9E4BC1F69CB150006AEA2 /* Random.swift in Sources */,
				965E5FFE1A507C6000BB183F /* AppDelegate.swift in Sources */,
				9610684C1A94D86D002B02D0 /* Location.swift in Sources */,
				968C01B11B0445FF003F8BA7 /* InstructionsViewController.swift in Sources */,
				9610684E1A94DAB7002B02D0 /* ExitResult.swift in Sources */,
				96F12CCB1A6AF6D100435452 /* Game.swift in Sources */,
				961068521A94E01B002B02D0 /* Board.swift in Sources */,
				96F0C8961A98F14E00755598 /* Slot.swift in Sources */,
			);
			runOnlyForDeploymentPostprocessing = 0;
		};
		965E600D1A507C6000BB183F /* Sources */ = {
			isa = PBXSourcesBuildPhase;
			buildActionMask = 2147483647;
			files = (
				961F30BF1C04A6B80055E5F5 /* GameSceneTests.swift in Sources */,
				9633C2FA1A524038005826D1 /* BlackBoxSpecs.swift in Sources */,
			);
			runOnlyForDeploymentPostprocessing = 0;
		};
/* End PBXSourcesBuildPhase section */

/* Begin PBXTargetDependency section */
		965E60131A507C6000BB183F /* PBXTargetDependency */ = {
			isa = PBXTargetDependency;
			target = 965E5FF71A507C5F00BB183F /* Black Box */;
			targetProxy = 965E60121A507C6000BB183F /* PBXContainerItemProxy */;
		};
/* End PBXTargetDependency section */

/* Begin PBXVariantGroup section */
		965E60051A507C6000BB183F /* Main.storyboard */ = {
			isa = PBXVariantGroup;
			children = (
				965E60061A507C6000BB183F /* Base */,
			);
			name = Main.storyboard;
			path = .;
			sourceTree = "<group>";
		};
		965E600A1A507C6000BB183F /* LaunchScreen.xib */ = {
			isa = PBXVariantGroup;
			children = (
				965E600B1A507C6000BB183F /* Base */,
			);
			name = LaunchScreen.xib;
			path = .;
			sourceTree = "<group>";
		};
/* End PBXVariantGroup section */

/* Begin XCBuildConfiguration section */
		965E60191A507C6000BB183F /* Debug */ = {
			isa = XCBuildConfiguration;
			buildSettings = {
				ALWAYS_SEARCH_USER_PATHS = NO;
				CLANG_CXX_LANGUAGE_STANDARD = "gnu++0x";
				CLANG_CXX_LIBRARY = "libc++";
				CLANG_ENABLE_MODULES = YES;
				CLANG_ENABLE_OBJC_ARC = YES;
				CLANG_WARN_BLOCK_CAPTURE_AUTORELEASING = YES;
				CLANG_WARN_BOOL_CONVERSION = YES;
				CLANG_WARN_COMMA = YES;
				CLANG_WARN_CONSTANT_CONVERSION = YES;
				CLANG_WARN_DEPRECATED_OBJC_IMPLEMENTATIONS = YES;
				CLANG_WARN_DIRECT_OBJC_ISA_USAGE = YES_ERROR;
				CLANG_WARN_EMPTY_BODY = YES;
				CLANG_WARN_ENUM_CONVERSION = YES;
				CLANG_WARN_INFINITE_RECURSION = YES;
				CLANG_WARN_INT_CONVERSION = YES;
				CLANG_WARN_NON_LITERAL_NULL_CONVERSION = YES;
				CLANG_WARN_OBJC_IMPLICIT_RETAIN_SELF = YES;
				CLANG_WARN_OBJC_LITERAL_CONVERSION = YES;
				CLANG_WARN_OBJC_ROOT_CLASS = YES_ERROR;
				CLANG_WARN_RANGE_LOOP_ANALYSIS = YES;
				CLANG_WARN_STRICT_PROTOTYPES = YES;
				CLANG_WARN_SUSPICIOUS_MOVE = YES;
				CLANG_WARN_UNREACHABLE_CODE = YES;
				CLANG_WARN__DUPLICATE_METHOD_MATCH = YES;
				"CODE_SIGN_IDENTITY[sdk=iphoneos*]" = "iPhone Developer";
				COPY_PHASE_STRIP = NO;
				ENABLE_STRICT_OBJC_MSGSEND = YES;
				ENABLE_TESTABILITY = YES;
				GCC_C_LANGUAGE_STANDARD = gnu99;
				GCC_DYNAMIC_NO_PIC = NO;
				GCC_NO_COMMON_BLOCKS = YES;
				GCC_OPTIMIZATION_LEVEL = 0;
				GCC_PREPROCESSOR_DEFINITIONS = (
					"DEBUG=1",
					"$(inherited)",
				);
				GCC_SYMBOLS_PRIVATE_EXTERN = NO;
				GCC_WARN_64_TO_32_BIT_CONVERSION = YES;
				GCC_WARN_ABOUT_RETURN_TYPE = YES_ERROR;
				GCC_WARN_UNDECLARED_SELECTOR = YES;
				GCC_WARN_UNINITIALIZED_AUTOS = YES_AGGRESSIVE;
				GCC_WARN_UNUSED_FUNCTION = YES;
				GCC_WARN_UNUSED_VARIABLE = YES;
				IPHONEOS_DEPLOYMENT_TARGET = 9.3;
				MTL_ENABLE_DEBUG_INFO = YES;
				ONLY_ACTIVE_ARCH = YES;
				SDKROOT = iphoneos;
				SWIFT_OPTIMIZATION_LEVEL = "-Onone";
				TARGETED_DEVICE_FAMILY = "1,2";
			};
			name = Debug;
		};
		965E601A1A507C6000BB183F /* Release */ = {
			isa = XCBuildConfiguration;
			buildSettings = {
				ALWAYS_SEARCH_USER_PATHS = NO;
				CLANG_CXX_LANGUAGE_STANDARD = "gnu++0x";
				CLANG_CXX_LIBRARY = "libc++";
				CLANG_ENABLE_MODULES = YES;
				CLANG_ENABLE_OBJC_ARC = YES;
				CLANG_WARN_BLOCK_CAPTURE_AUTORELEASING = YES;
				CLANG_WARN_BOOL_CONVERSION = YES;
				CLANG_WARN_COMMA = YES;
				CLANG_WARN_CONSTANT_CONVERSION = YES;
				CLANG_WARN_DEPRECATED_OBJC_IMPLEMENTATIONS = YES;
				CLANG_WARN_DIRECT_OBJC_ISA_USAGE = YES_ERROR;
				CLANG_WARN_EMPTY_BODY = YES;
				CLANG_WARN_ENUM_CONVERSION = YES;
				CLANG_WARN_INFINITE_RECURSION = YES;
				CLANG_WARN_INT_CONVERSION = YES;
				CLANG_WARN_NON_LITERAL_NULL_CONVERSION = YES;
				CLANG_WARN_OBJC_IMPLICIT_RETAIN_SELF = YES;
				CLANG_WARN_OBJC_LITERAL_CONVERSION = YES;
				CLANG_WARN_OBJC_ROOT_CLASS = YES_ERROR;
				CLANG_WARN_RANGE_LOOP_ANALYSIS = YES;
				CLANG_WARN_STRICT_PROTOTYPES = YES;
				CLANG_WARN_SUSPICIOUS_MOVE = YES;
				CLANG_WARN_UNREACHABLE_CODE = YES;
				CLANG_WARN__DUPLICATE_METHOD_MATCH = YES;
				"CODE_SIGN_IDENTITY[sdk=iphoneos*]" = "iPhone Developer";
				COPY_PHASE_STRIP = YES;
				ENABLE_NS_ASSERTIONS = NO;
				ENABLE_STRICT_OBJC_MSGSEND = YES;
				GCC_C_LANGUAGE_STANDARD = gnu99;
				GCC_NO_COMMON_BLOCKS = YES;
				GCC_WARN_64_TO_32_BIT_CONVERSION = YES;
				GCC_WARN_ABOUT_RETURN_TYPE = YES_ERROR;
				GCC_WARN_UNDECLARED_SELECTOR = YES;
				GCC_WARN_UNINITIALIZED_AUTOS = YES_AGGRESSIVE;
				GCC_WARN_UNUSED_FUNCTION = YES;
				GCC_WARN_UNUSED_VARIABLE = YES;
				IPHONEOS_DEPLOYMENT_TARGET = 9.3;
				MTL_ENABLE_DEBUG_INFO = NO;
				SDKROOT = iphoneos;
				SWIFT_OPTIMIZATION_LEVEL = "-Owholemodule";
				TARGETED_DEVICE_FAMILY = "1,2";
				VALIDATE_PRODUCT = YES;
			};
			name = Release;
		};
		965E601C1A507C6000BB183F /* Debug */ = {
			isa = XCBuildConfiguration;
			baseConfigurationReference = B96C5085B51A97ED2F855F61 /* Pods-Black Box.debug.xcconfig */;
			buildSettings = {
				ASSETCATALOG_COMPILER_APPICON_NAME = AppIcon;
				CODE_SIGN_IDENTITY = "iPhone Developer";
				"CODE_SIGN_IDENTITY[sdk=iphoneos*]" = "iPhone Developer";
				DEVELOPMENT_TEAM = SPU386ZNKS;
				FRAMEWORK_SEARCH_PATHS = (
					"$(inherited)",
					"$(PROJECT_DIR)",
				);
				INFOPLIST_FILE = "Black Box/Supporting Files/Info.plist";
				LD_RUNPATH_SEARCH_PATHS = "$(inherited) @executable_path/Frameworks";
				OTHER_LDFLAGS = "";
				PRODUCT_BUNDLE_IDENTIFIER = com.peapodmm.blackbox;
				PRODUCT_NAME = "$(TARGET_NAME)";
				PROVISIONING_PROFILE = "";
				SWIFT_VERSION = 5.0;
				TARGETED_DEVICE_FAMILY = "1,2";
			};
			name = Debug;
		};
		965E601D1A507C6000BB183F /* Release */ = {
			isa = XCBuildConfiguration;
			baseConfigurationReference = 1AE3747D1FA978EAB154A084 /* Pods-Black Box.release.xcconfig */;
			buildSettings = {
				ASSETCATALOG_COMPILER_APPICON_NAME = AppIcon;
				CODE_SIGN_IDENTITY = "iPhone Developer";
				"CODE_SIGN_IDENTITY[sdk=iphoneos*]" = "iPhone Developer";
				DEVELOPMENT_TEAM = SPU386ZNKS;
				FRAMEWORK_SEARCH_PATHS = (
					"$(inherited)",
					"$(PROJECT_DIR)",
				);
				INFOPLIST_FILE = "Black Box/Supporting Files/Info.plist";
				LD_RUNPATH_SEARCH_PATHS = "$(inherited) @executable_path/Frameworks";
				OTHER_LDFLAGS = "";
				PRODUCT_BUNDLE_IDENTIFIER = com.peapodmm.blackbox;
				PRODUCT_NAME = "$(TARGET_NAME)";
				PROVISIONING_PROFILE = "";
				SWIFT_VERSION = 5.0;
				TARGETED_DEVICE_FAMILY = "1,2";
			};
			name = Release;
		};
		965E601F1A507C6000BB183F /* Debug */ = {
			isa = XCBuildConfiguration;
			baseConfigurationReference = A298B90C2E03BB403C14639B /* Pods-Black BoxTests.debug.xcconfig */;
			buildSettings = {
				BUNDLE_LOADER = "$(TEST_HOST)";
				FRAMEWORK_SEARCH_PATHS = "$(inherited)";
				GCC_PREPROCESSOR_DEFINITIONS = (
					"DEBUG=1",
					"$(inherited)",
				);
				INFOPLIST_FILE = "Black BoxTests/Supporting Files/Info.plist";
				LD_RUNPATH_SEARCH_PATHS = "$(inherited) @executable_path/Frameworks @loader_path/Frameworks";
				PRODUCT_BUNDLE_IDENTIFIER = "com.peapodmm.$(PRODUCT_NAME:rfc1034identifier)";
				PRODUCT_NAME = "$(TARGET_NAME)";
				SWIFT_VERSION = 5.0;
				TEST_HOST = "$(BUILT_PRODUCTS_DIR)/Black Box.app/Black Box";
			};
			name = Debug;
		};
		965E60201A507C6000BB183F /* Release */ = {
			isa = XCBuildConfiguration;
			baseConfigurationReference = 2C77435B99747E85B445BDA2 /* Pods-Black BoxTests.release.xcconfig */;
			buildSettings = {
				BUNDLE_LOADER = "$(TEST_HOST)";
				FRAMEWORK_SEARCH_PATHS = "$(inherited)";
				INFOPLIST_FILE = "Black BoxTests/Supporting Files/Info.plist";
				LD_RUNPATH_SEARCH_PATHS = "$(inherited) @executable_path/Frameworks @loader_path/Frameworks";
				PRODUCT_BUNDLE_IDENTIFIER = "com.peapodmm.$(PRODUCT_NAME:rfc1034identifier)";
				PRODUCT_NAME = "$(TARGET_NAME)";
				SWIFT_VERSION = 5.0;
				TEST_HOST = "$(BUILT_PRODUCTS_DIR)/Black Box.app/Black Box";
			};
			name = Release;
		};
/* End XCBuildConfiguration section */

/* Begin XCConfigurationList section */
		965E5FF31A507C5F00BB183F /* Build configuration list for PBXProject "Black Box" */ = {
			isa = XCConfigurationList;
			buildConfigurations = (
				965E60191A507C6000BB183F /* Debug */,
				965E601A1A507C6000BB183F /* Release */,
			);
			defaultConfigurationIsVisible = 0;
			defaultConfigurationName = Release;
		};
		965E601B1A507C6000BB183F /* Build configuration list for PBXNativeTarget "Black Box" */ = {
			isa = XCConfigurationList;
			buildConfigurations = (
				965E601C1A507C6000BB183F /* Debug */,
				965E601D1A507C6000BB183F /* Release */,
			);
			defaultConfigurationIsVisible = 0;
			defaultConfigurationName = Release;
		};
		965E601E1A507C6000BB183F /* Build configuration list for PBXNativeTarget "Black BoxTests" */ = {
			isa = XCConfigurationList;
			buildConfigurations = (
				965E601F1A507C6000BB183F /* Debug */,
				965E60201A507C6000BB183F /* Release */,
			);
			defaultConfigurationIsVisible = 0;
			defaultConfigurationName = Release;
		};
/* End XCConfigurationList section */
	};
	rootObject = 965E5FF01A507C5F00BB183F /* Project object */;
}
